
Microsoft Visual Studio Solution File, Format Version 12.00
# Visual Studio Version 17
VisualStudioVersion = 17.3.32901.215
MinimumVisualStudioVersion = 10.0.40219.1
Project("{9A19103F-16F7-4668-BE54-9A1E7A4F7556}") = "RoomApp.Test", "RoomApp.Test\RoomApp.Test.csproj", "{4D991155-D9DC-4B8E-A811-9F361E051306}"
EndProject
Project("{FAE04EC0-301F-11D3-BF4B-00C04F79EFBC}") = "RoomBooking", "RoomBooking\RoomBooking.csproj", "{9963EEE7-55C5-4FDD-8603-1B1E39A24F92}"
EndProject
Global
	GlobalSection(SolutionConfigurationPlatforms) = preSolution
		Debug|Any CPU = Debug|Any CPU
		Release|Any CPU = Release|Any CPU
	EndGlobalSection
	GlobalSection(ProjectConfigurationPlatforms) = postSolution
		{4D991155-D9DC-4B8E-A811-9F361E051306}.Debug|Any CPU.ActiveCfg = Debug|Any CPU
		{4D991155-D9DC-4B8E-A811-9F361E051306}.Debug|Any CPU.Build.0 = Debug|Any CPU
		{4D991155-D9DC-4B8E-A811-9F361E051306}.Release|Any CPU.ActiveCfg = Release|Any CPU
		{4D991155-D9DC-4B8E-A811-9F361E051306}.Release|Any CPU.Build.0 = Release|Any CPU
		{9963EEE7-55C5-4FDD-8603-1B1E39A24F92}.Debug|Any CPU.ActiveCfg = Debug|Any CPU
		{9963EEE7-55C5-4FDD-8603-1B1E39A24F92}.Debug|Any CPU.Build.0 = Debug|Any CPU
		{9963EEE7-55C5-4FDD-8603-1B1E39A24F92}.Release|Any CPU.ActiveCfg = Release|Any CPU
		{9963EEE7-55C5-4FDD-8603-1B1E39A24F92}.Release|Any CPU.Build.0 = Release|Any CPU
	EndGlobalSection
	GlobalSection(SolutionProperties) = preSolution
		HideSolutionNode = FALSE
	EndGlobalSection
	GlobalSection(ExtensibilityGlobals) = postSolution
		SolutionGuid = {B2EDDE7D-2A97-47C2-8600-4AE12BAF7696}
	EndGlobalSection
EndGlobal
